// !$*UTF8*$!
{
	archiveVersion = 1;
	classes = {
	};
	objectVersion = 46;
	objects = {

/* Begin PBXBuildFile section */
		6464A9C01EDD765500751528 /* AppDelegate.swift in Sources */ = {isa = PBXBuildFile; fileRef = 6464A9BF1EDD765500751528 /* AppDelegate.swift */; };
		6464A9C51EDD765500751528 /* Main.storyboard in Resources */ = {isa = PBXBuildFile; fileRef = 6464A9C31EDD765500751528 /* Main.storyboard */; };
		6464A9C71EDD765500751528 /* Assets.xcassets in Resources */ = {isa = PBXBuildFile; fileRef = 6464A9C61EDD765500751528 /* Assets.xcassets */; };
		6464A9CA1EDD765500751528 /* LaunchScreen.storyboard in Resources */ = {isa = PBXBuildFile; fileRef = 6464A9C81EDD765500751528 /* LaunchScreen.storyboard */; };
		6464A9FF1EDD7A1E00751528 /* airports.plist in Resources */ = {isa = PBXBuildFile; fileRef = 6464A9D61EDD7A1E00751528 /* airports.plist */; };
		6464AA001EDD7A1E00751528 /* AMS.jpg in Resources */ = {isa = PBXBuildFile; fileRef = 6464A9D71EDD7A1E00751528 /* AMS.jpg */; };
		6464AA011EDD7A1E00751528 /* ATL.jpg in Resources */ = {isa = PBXBuildFile; fileRef = 6464A9D81EDD7A1E00751528 /* ATL.jpg */; };
		6464AA021EDD7A1E00751528 /* BKK.jpg in Resources */ = {isa = PBXBuildFile; fileRef = 6464A9D91EDD7A1E00751528 /* BKK.jpg */; };
		6464AA031EDD7A1E00751528 /* CAN.jpg in Resources */ = {isa = PBXBuildFile; fileRef = 6464A9DA1EDD7A1E00751528 /* CAN.jpg */; };
		6464AA041EDD7A1E00751528 /* CDG.jpg in Resources */ = {isa = PBXBuildFile; fileRef = 6464A9DB1EDD7A1E00751528 /* CDG.jpg */; };
		6464AA051EDD7A1E00751528 /* CKG.jpg in Resources */ = {isa = PBXBuildFile; fileRef = 6464A9DC1EDD7A1E00751528 /* CKG.jpg */; };
		6464AA061EDD7A1E00751528 /* CTS.jpg in Resources */ = {isa = PBXBuildFile; fileRef = 6464A9DD1EDD7A1E00751528 /* CTS.jpg */; };
		6464AA071EDD7A1E00751528 /* DME.jpg in Resources */ = {isa = PBXBuildFile; fileRef = 6464A9DE1EDD7A1E00751528 /* DME.jpg */; };
		6464AA081EDD7A1E00751528 /* DTW.jpg in Resources */ = {isa = PBXBuildFile; fileRef = 6464A9DF1EDD7A1E00751528 /* DTW.jpg */; };
		6464AA091EDD7A1E00751528 /* EDI.jpg in Resources */ = {isa = PBXBuildFile; fileRef = 6464A9E01EDD7A1E00751528 /* EDI.jpg */; };
		6464AA0A1EDD7A1E00751528 /* FRA.jpg in Resources */ = {isa = PBXBuildFile; fileRef = 6464A9E11EDD7A1E00751528 /* FRA.jpg */; };
		6464AA0B1EDD7A1E00751528 /* GMP.jpg in Resources */ = {isa = PBXBuildFile; fileRef = 6464A9E21EDD7A1E00751528 /* GMP.jpg */; };
		6464AA0C1EDD7A1E00751528 /* HKG.jpg in Resources */ = {isa = PBXBuildFile; fileRef = 6464A9E31EDD7A1E00751528 /* HKG.jpg */; };
		6464AA0D1EDD7A1E00751528 /* HND.jpg in Resources */ = {isa = PBXBuildFile; fileRef = 6464A9E41EDD7A1E00751528 /* HND.jpg */; };
		6464AA0E1EDD7A1E00751528 /* IAD.jpg in Resources */ = {isa = PBXBuildFile; fileRef = 6464A9E51EDD7A1E00751528 /* IAD.jpg */; };
		6464AA0F1EDD7A1E00751528 /* IAH.jpg in Resources */ = {isa = PBXBuildFile; fileRef = 6464A9E61EDD7A1E00751528 /* IAH.jpg */; };
		6464AA101EDD7A1E00751528 /* ICN.jpg in Resources */ = {isa = PBXBuildFile; fileRef = 6464A9E71EDD7A1E00751528 /* ICN.jpg */; };
		6464AA111EDD7A1E00751528 /* JFK.jpg in Resources */ = {isa = PBXBuildFile; fileRef = 6464A9E81EDD7A1E00751528 /* JFK.jpg */; };
		6464AA121EDD7A1E00751528 /* KHH.jpg in Resources */ = {isa = PBXBuildFile; fileRef = 6464A9E91EDD7A1E00751528 /* KHH.jpg */; };
		6464AA131EDD7A1E00751528 /* KIX.jpg in Resources */ = {isa = PBXBuildFile; fileRef = 6464A9EA1EDD7A1E00751528 /* KIX.jpg */; };
		6464AA141EDD7A1E00751528 /* KUL.jpg in Resources */ = {isa = PBXBuildFile; fileRef = 6464A9EB1EDD7A1E00751528 /* KUL.jpg */; };
		6464AA151EDD7A1E00751528 /* LAX.jpg in Resources */ = {isa = PBXBuildFile; fileRef = 6464A9EC1EDD7A1E00751528 /* LAX.jpg */; };
		6464AA161EDD7A1E00751528 /* LHR.jpg in Resources */ = {isa = PBXBuildFile; fileRef = 6464A9ED1EDD7A1E00751528 /* LHR.jpg */; };
		6464AA171EDD7A1E00751528 /* MNL.jpg in Resources */ = {isa = PBXBuildFile; fileRef = 6464A9EE1EDD7A1E00751528 /* MNL.jpg */; };
		6464AA181EDD7A1E00751528 /* MUC.jpg in Resources */ = {isa = PBXBuildFile; fileRef = 6464A9EF1EDD7A1E00751528 /* MUC.jpg */; };
		6464AA191EDD7A1E00751528 /* NGO.jpg in Resources */ = {isa = PBXBuildFile; fileRef = 6464A9F01EDD7A1E00751528 /* NGO.jpg */; };
		6464AA1A1EDD7A1E00751528 /* NRT.jpg in Resources */ = {isa = PBXBuildFile; fileRef = 6464A9F11EDD7A1E00751528 /* NRT.jpg */; };
		6464AA1B1EDD7A1E00751528 /* OKA.jpg in Resources */ = {isa = PBXBuildFile; fileRef = 6464A9F21EDD7A1E00751528 /* OKA.jpg */; };
		6464AA1C1EDD7A1E00751528 /* ORD.jpg in Resources */ = {isa = PBXBuildFile; fileRef = 6464A9F31EDD7A1E00751528 /* ORD.jpg */; };
		6464AA1D1EDD7A1E00751528 /* PEK.jpg in Resources */ = {isa = PBXBuildFile; fileRef = 6464A9F41EDD7A1E00751528 /* PEK.jpg */; };
		6464AA1E1EDD7A1E00751528 /* PVG.jpg in Resources */ = {isa = PBXBuildFile; fileRef = 6464A9F51EDD7A1E00751528 /* PVG.jpg */; };
		6464AA1F1EDD7A1E00751528 /* SEA.jpg in Resources */ = {isa = PBXBuildFile; fileRef = 6464A9F61EDD7A1E00751528 /* SEA.jpg */; };
		6464AA201EDD7A1E00751528 /* SFO.jpg in Resources */ = {isa = PBXBuildFile; fileRef = 6464A9F71EDD7A1E00751528 /* SFO.jpg */; };
		6464AA211EDD7A1E00751528 /* SIN.jpg in Resources */ = {isa = PBXBuildFile; fileRef = 6464A9F81EDD7A1E00751528 /* SIN.jpg */; };
		6464AA221EDD7A1E00751528 /* SVO.jpg in Resources */ = {isa = PBXBuildFile; fileRef = 6464A9F91EDD7A1E00751528 /* SVO.jpg */; };
		6464AA231EDD7A1E00751528 /* SYD.jpg in Resources */ = {isa = PBXBuildFile; fileRef = 6464A9FA1EDD7A1E00751528 /* SYD.jpg */; };
		6464AA241EDD7A1E00751528 /* TPE.jpg in Resources */ = {isa = PBXBuildFile; fileRef = 6464A9FB1EDD7A1E00751528 /* TPE.jpg */; };
		6464AA251EDD7A1E00751528 /* TSA.jpg in Resources */ = {isa = PBXBuildFile; fileRef = 6464A9FC1EDD7A1E00751528 /* TSA.jpg */; };
		6464AA261EDD7A1E00751528 /* YVR.jpg in Resources */ = {isa = PBXBuildFile; fileRef = 6464A9FD1EDD7A1E00751528 /* YVR.jpg */; };
		6464AA271EDD7A1E00751528 /* YYZ.jpg in Resources */ = {isa = PBXBuildFile; fileRef = 6464A9FE1EDD7A1E00751528 /* YYZ.jpg */; };
		6464AA2D1EDDB8B000751528 /* TableViewController.swift in Sources */ = {isa = PBXBuildFile; fileRef = 6464AA2C1EDDB8B000751528 /* TableViewController.swift */; };
		6464AA2F1EDDB8C100751528 /* TableViewCell.swift in Sources */ = {isa = PBXBuildFile; fileRef = 6464AA2E1EDDB8C100751528 /* TableViewCell.swift */; };
		6464AA311EDDB8D900751528 /* ViewController.swift in Sources */ = {isa = PBXBuildFile; fileRef = 6464AA301EDDB8D900751528 /* ViewController.swift */; };
/* End PBXBuildFile section */

/* Begin PBXFileReference section */
		6464A9BC1EDD765500751528 /* airport.app */ = {isa = PBXFileReference; explicitFileType = wrapper.application; includeInIndex = 0; path = airport.app; sourceTree = BUILT_PRODUCTS_DIR; };
		6464A9BF1EDD765500751528 /* AppDelegate.swift */ = {isa = PBXFileReference; lastKnownFileType = sourcecode.swift; path = AppDelegate.swift; sourceTree = "<group>"; };
		6464A9C41EDD765500751528 /* Base */ = {isa = PBXFileReference; lastKnownFileType = file.storyboard; name = Base; path = Base.lproj/Main.storyboard; sourceTree = "<group>"; };
		6464A9C61EDD765500751528 /* Assets.xcassets */ = {isa = PBXFileReference; lastKnownFileType = folder.assetcatalog; path = Assets.xcassets; sourceTree = "<group>"; };
		6464A9C91EDD765500751528 /* Base */ = {isa = PBXFileReference; lastKnownFileType = file.storyboard; name = Base; path = Base.lproj/LaunchScreen.storyboard; sourceTree = "<group>"; };
		6464A9CB1EDD765500751528 /* Info.plist */ = {isa = PBXFileReference; lastKnownFileType = text.plist.xml; path = Info.plist; sourceTree = "<group>"; };
		6464A9D61EDD7A1E00751528 /* airports.plist */ = {isa = PBXFileReference; fileEncoding = 4; lastKnownFileType = text.plist.xml; path = airports.plist; sourceTree = "<group>"; };
		6464A9D71EDD7A1E00751528 /* AMS.jpg */ = {isa = PBXFileReference; lastKnownFileType = image.jpeg; path = AMS.jpg; sourceTree = "<group>"; };
		6464A9D81EDD7A1E00751528 /* ATL.jpg */ = {isa = PBXFileReference; lastKnownFileType = image.jpeg; path = ATL.jpg; sourceTree = "<group>"; };
		6464A9D91EDD7A1E00751528 /* BKK.jpg */ = {isa = PBXFileReference; lastKnownFileType = image.jpeg; path = BKK.jpg; sourceTree = "<group>"; };
		6464A9DA1EDD7A1E00751528 /* CAN.jpg */ = {isa = PBXFileReference; lastKnownFileType = image.jpeg; path = CAN.jpg; sourceTree = "<group>"; };
		6464A9DB1EDD7A1E00751528 /* CDG.jpg */ = {isa = PBXFileReference; lastKnownFileType = image.jpeg; path = CDG.jpg; sourceTree = "<group>"; };
		6464A9DC1EDD7A1E00751528 /* CKG.jpg */ = {isa = PBXFileReference; lastKnownFileType = image.jpeg; path = CKG.jpg; sourceTree = "<group>"; };
		6464A9DD1EDD7A1E00751528 /* CTS.jpg */ = {isa = PBXFileReference; lastKnownFileType = image.jpeg; path = CTS.jpg; sourceTree = "<group>"; };
		6464A9DE1EDD7A1E00751528 /* DME.jpg */ = {isa = PBXFileReference; lastKnownFileType = image.jpeg; path = DME.jpg; sourceTree = "<group>"; };
		6464A9DF1EDD7A1E00751528 /* DTW.jpg */ = {isa = PBXFileReference; lastKnownFileType = image.jpeg; path = DTW.jpg; sourceTree = "<group>"; };
		6464A9E01EDD7A1E00751528 /* EDI.jpg */ = {isa = PBXFileReference; lastKnownFileType = image.jpeg; path = EDI.jpg; sourceTree = "<group>"; };
		6464A9E11EDD7A1E00751528 /* FRA.jpg */ = {isa = PBXFileReference; lastKnownFileType = image.jpeg; path = FRA.jpg; sourceTree = "<group>"; };
		6464A9E21EDD7A1E00751528 /* GMP.jpg */ = {isa = PBXFileReference; lastKnownFileType = image.jpeg; path = GMP.jpg; sourceTree = "<group>"; };
		6464A9E31EDD7A1E00751528 /* HKG.jpg */ = {isa = PBXFileReference; lastKnownFileType = image.jpeg; path = HKG.jpg; sourceTree = "<group>"; };
		6464A9E41EDD7A1E00751528 /* HND.jpg */ = {isa = PBXFileReference; lastKnownFileType = image.jpeg; path = HND.jpg; sourceTree = "<group>"; };
		6464A9E51EDD7A1E00751528 /* IAD.jpg */ = {isa = PBXFileReference; lastKnownFileType = image.jpeg; path = IAD.jpg; sourceTree = "<group>"; };
		6464A9E61EDD7A1E00751528 /* IAH.jpg */ = {isa = PBXFileReference; lastKnownFileType = image.jpeg; path = IAH.jpg; sourceTree = "<group>"; };
		6464A9E71EDD7A1E00751528 /* ICN.jpg */ = {isa = PBXFileReference; lastKnownFileType = image.jpeg; path = ICN.jpg; sourceTree = "<group>"; };
		6464A9E81EDD7A1E00751528 /* JFK.jpg */ = {isa = PBXFileReference; lastKnownFileType = image.jpeg; path = JFK.jpg; sourceTree = "<group>"; };
		6464A9E91EDD7A1E00751528 /* KHH.jpg */ = {isa = PBXFileReference; lastKnownFileType = image.jpeg; path = KHH.jpg; sourceTree = "<group>"; };
		6464A9EA1EDD7A1E00751528 /* KIX.jpg */ = {isa = PBXFileReference; lastKnownFileType = image.jpeg; path = KIX.jpg; sourceTree = "<group>"; };
		6464A9EB1EDD7A1E00751528 /* KUL.jpg */ = {isa = PBXFileReference; lastKnownFileType = image.jpeg; path = KUL.jpg; sourceTree = "<group>"; };
		6464A9EC1EDD7A1E00751528 /* LAX.jpg */ = {isa = PBXFileReference; lastKnownFileType = image.jpeg; path = LAX.jpg; sourceTree = "<group>"; };
		6464A9ED1EDD7A1E00751528 /* LHR.jpg */ = {isa = PBXFileReference; lastKnownFileType = image.jpeg; path = LHR.jpg; sourceTree = "<group>"; };
		6464A9EE1EDD7A1E00751528 /* MNL.jpg */ = {isa = PBXFileReference; lastKnownFileType = image.jpeg; path = MNL.jpg; sourceTree = "<group>"; };
		6464A9EF1EDD7A1E00751528 /* MUC.jpg */ = {isa = PBXFileReference; lastKnownFileType = image.jpeg; path = MUC.jpg; sourceTree = "<group>"; };
		6464A9F01EDD7A1E00751528 /* NGO.jpg */ = {isa = PBXFileReference; lastKnownFileType = image.jpeg; path = NGO.jpg; sourceTree = "<group>"; };
		6464A9F11EDD7A1E00751528 /* NRT.jpg */ = {isa = PBXFileReference; lastKnownFileType = image.jpeg; path = NRT.jpg; sourceTree = "<group>"; };
		6464A9F21EDD7A1E00751528 /* OKA.jpg */ = {isa = PBXFileReference; lastKnownFileType = image.jpeg; path = OKA.jpg; sourceTree = "<group>"; };
		6464A9F31EDD7A1E00751528 /* ORD.jpg */ = {isa = PBXFileReference; lastKnownFileType = image.jpeg; path = ORD.jpg; sourceTree = "<group>"; };
		6464A9F41EDD7A1E00751528 /* PEK.jpg */ = {isa = PBXFileReference; lastKnownFileType = image.jpeg; path = PEK.jpg; sourceTree = "<group>"; };
		6464A9F51EDD7A1E00751528 /* PVG.jpg */ = {isa = PBXFileReference; lastKnownFileType = image.jpeg; path = PVG.jpg; sourceTree = "<group>"; };
		6464A9F61EDD7A1E00751528 /* SEA.jpg */ = {isa = PBXFileReference; lastKnownFileType = image.jpeg; path = SEA.jpg; sourceTree = "<group>"; };
		6464A9F71EDD7A1E00751528 /* SFO.jpg */ = {isa = PBXFileReference; lastKnownFileType = image.jpeg; path = SFO.jpg; sourceTree = "<group>"; };
		6464A9F81EDD7A1E00751528 /* SIN.jpg */ = {isa = PBXFileReference; lastKnownFileType = image.jpeg; path = SIN.jpg; sourceTree = "<group>"; };
		6464A9F91EDD7A1E00751528 /* SVO.jpg */ = {isa = PBXFileReference; lastKnownFileType = image.jpeg; path = SVO.jpg; sourceTree = "<group>"; };
		6464A9FA1EDD7A1E00751528 /* SYD.jpg */ = {isa = PBXFileReference; lastKnownFileType = image.jpeg; path = SYD.jpg; sourceTree = "<group>"; };
		6464A9FB1EDD7A1E00751528 /* TPE.jpg */ = {isa = PBXFileReference; lastKnownFileType = image.jpeg; path = TPE.jpg; sourceTree = "<group>"; };
		6464A9FC1EDD7A1E00751528 /* TSA.jpg */ = {isa = PBXFileReference; lastKnownFileType = image.jpeg; path = TSA.jpg; sourceTree = "<group>"; };
		6464A9FD1EDD7A1E00751528 /* YVR.jpg */ = {isa = PBXFileReference; lastKnownFileType = image.jpeg; path = YVR.jpg; sourceTree = "<group>"; };
		6464A9FE1EDD7A1E00751528 /* YYZ.jpg */ = {isa = PBXFileReference; lastKnownFileType = image.jpeg; path = YYZ.jpg; sourceTree = "<group>"; };
		6464AA2C1EDDB8B000751528 /* TableViewController.swift */ = {isa = PBXFileReference; fileEncoding = 4; lastKnownFileType = sourcecode.swift; path = TableViewController.swift; sourceTree = "<group>"; };
		6464AA2E1EDDB8C100751528 /* TableViewCell.swift */ = {isa = PBXFileReference; fileEncoding = 4; lastKnownFileType = sourcecode.swift; path = TableViewCell.swift; sourceTree = "<group>"; };
		6464AA301EDDB8D900751528 /* ViewController.swift */ = {isa = PBXFileReference; fileEncoding = 4; lastKnownFileType = sourcecode.swift; path = ViewController.swift; sourceTree = "<group>"; };
/* End PBXFileReference section */

/* Begin PBXFrameworksBuildPhase section */
		6464A9B91EDD765500751528 /* Frameworks */ = {
			isa = PBXFrameworksBuildPhase;
			buildActionMask = 2147483647;
			files = (
			);
			runOnlyForDeploymentPostprocessing = 0;
		};
/* End PBXFrameworksBuildPhase section */

/* Begin PBXGroup section */
		6464A9B31EDD765500751528 = {
			isa = PBXGroup;
			children = (
				6464A9D51EDD7A1E00751528 /* Airports Data */,
				6464A9BE1EDD765500751528 /* airport */,
				6464A9BD1EDD765500751528 /* Products */,
			);
			sourceTree = "<group>";
		};
		6464A9BD1EDD765500751528 /* Products */ = {
			isa = PBXGroup;
			children = (
				6464A9BC1EDD765500751528 /* airport.app */,
			);
			name = Products;
			sourceTree = "<group>";
		};
		6464A9BE1EDD765500751528 /* airport */ = {
			isa = PBXGroup;
			children = (
				6464A9BF1EDD765500751528 /* AppDelegate.swift */,
				6464A9C31EDD765500751528 /* Main.storyboard */,
				6464A9C61EDD765500751528 /* Assets.xcassets */,
				6464A9C81EDD765500751528 /* LaunchScreen.storyboard */,
				6464A9CB1EDD765500751528 /* Info.plist */,
				6464AA2C1EDDB8B000751528 /* TableViewController.swift */,
				6464AA2E1EDDB8C100751528 /* TableViewCell.swift */,
				6464AA301EDDB8D900751528 /* ViewController.swift */,
			);
			path = airport;
			sourceTree = "<group>";
		};
		6464A9D51EDD7A1E00751528 /* Airports Data */ = {
			isa = PBXGroup;
			children = (
				6464A9D61EDD7A1E00751528 /* airports.plist */,
				6464A9D71EDD7A1E00751528 /* AMS.jpg */,
				6464A9D81EDD7A1E00751528 /* ATL.jpg */,
				6464A9D91EDD7A1E00751528 /* BKK.jpg */,
				6464A9DA1EDD7A1E00751528 /* CAN.jpg */,
				6464A9DB1EDD7A1E00751528 /* CDG.jpg */,
				6464A9DC1EDD7A1E00751528 /* CKG.jpg */,
				6464A9DD1EDD7A1E00751528 /* CTS.jpg */,
				6464A9DE1EDD7A1E00751528 /* DME.jpg */,
				6464A9DF1EDD7A1E00751528 /* DTW.jpg */,
				6464A9E01EDD7A1E00751528 /* EDI.jpg */,
				6464A9E11EDD7A1E00751528 /* FRA.jpg */,
				6464A9E21EDD7A1E00751528 /* GMP.jpg */,
				6464A9E31EDD7A1E00751528 /* HKG.jpg */,
				6464A9E41EDD7A1E00751528 /* HND.jpg */,
				6464A9E51EDD7A1E00751528 /* IAD.jpg */,
				6464A9E61EDD7A1E00751528 /* IAH.jpg */,
				6464A9E71EDD7A1E00751528 /* ICN.jpg */,
				6464A9E81EDD7A1E00751528 /* JFK.jpg */,
				6464A9E91EDD7A1E00751528 /* KHH.jpg */,
				6464A9EA1EDD7A1E00751528 /* KIX.jpg */,
				6464A9EB1EDD7A1E00751528 /* KUL.jpg */,
				6464A9EC1EDD7A1E00751528 /* LAX.jpg */,
				6464A9ED1EDD7A1E00751528 /* LHR.jpg */,
				6464A9EE1EDD7A1E00751528 /* MNL.jpg */,
				6464A9EF1EDD7A1E00751528 /* MUC.jpg */,
				6464A9F01EDD7A1E00751528 /* NGO.jpg */,
				6464A9F11EDD7A1E00751528 /* NRT.jpg */,
				6464A9F21EDD7A1E00751528 /* OKA.jpg */,
				6464A9F31EDD7A1E00751528 /* ORD.jpg */,
				6464A9F41EDD7A1E00751528 /* PEK.jpg */,
				6464A9F51EDD7A1E00751528 /* PVG.jpg */,
				6464A9F61EDD7A1E00751528 /* SEA.jpg */,
				6464A9F71EDD7A1E00751528 /* SFO.jpg */,
				6464A9F81EDD7A1E00751528 /* SIN.jpg */,
				6464A9F91EDD7A1E00751528 /* SVO.jpg */,
				6464A9FA1EDD7A1E00751528 /* SYD.jpg */,
				6464A9FB1EDD7A1E00751528 /* TPE.jpg */,
				6464A9FC1EDD7A1E00751528 /* TSA.jpg */,
				6464A9FD1EDD7A1E00751528 /* YVR.jpg */,
				6464A9FE1EDD7A1E00751528 /* YYZ.jpg */,
			);
			name = "Airports Data";
			path = "airport/Airports Data";
			sourceTree = "<group>";
		};
/* End PBXGroup section */

/* Begin PBXNativeTarget section */
		6464A9BB1EDD765500751528 /* airport */ = {
			isa = PBXNativeTarget;
			buildConfigurationList = 6464A9CE1EDD765500751528 /* Build configuration list for PBXNativeTarget "airport" */;
			buildPhases = (
				6464A9B81EDD765500751528 /* Sources */,
				6464A9B91EDD765500751528 /* Frameworks */,
				6464A9BA1EDD765500751528 /* Resources */,
			);
			buildRules = (
			);
			dependencies = (
			);
			name = airport;
			productName = airport;
			productReference = 6464A9BC1EDD765500751528 /* airport.app */;
			productType = "com.apple.product-type.application";
		};
/* End PBXNativeTarget section */

/* Begin PBXProject section */
		6464A9B41EDD765500751528 /* Project object */ = {
			isa = PBXProject;
			attributes = {
				LastSwiftUpdateCheck = 0830;
				LastUpgradeCheck = 0830;
				ORGANIZATIONNAME = Ed;
				TargetAttributes = {
					6464A9BB1EDD765500751528 = {
						CreatedOnToolsVersion = 8.3;
						ProvisioningStyle = Automatic;
					};
				};
			};
			buildConfigurationList = 6464A9B71EDD765500751528 /* Build configuration list for PBXProject "airport" */;
			compatibilityVersion = "Xcode 3.2";
			developmentRegion = English;
			hasScannedForEncodings = 0;
			knownRegions = (
				en,
				Base,
			);
			mainGroup = 6464A9B31EDD765500751528;
			productRefGroup = 6464A9BD1EDD765500751528 /* Products */;
			projectDirPath = "";
			projectRoot = "";
			targets = (
				6464A9BB1EDD765500751528 /* airport */,
			);
		};
/* End PBXProject section */

/* Begin PBXResourcesBuildPhase section */
		6464A9BA1EDD765500751528 /* Resources */ = {
			isa = PBXResourcesBuildPhase;
			buildActionMask = 2147483647;
			files = (
				6464AA261EDD7A1E00751528 /* YVR.jpg in Resources */,
				6464AA071EDD7A1E00751528 /* DME.jpg in Resources */,
				6464AA1A1EDD7A1E00751528 /* NRT.jpg in Resources */,
				6464AA031EDD7A1E00751528 /* CAN.jpg in Resources */,
				6464AA1F1EDD7A1E00751528 /* SEA.jpg in Resources */,
				6464AA1C1EDD7A1E00751528 /* ORD.jpg in Resources */,
				6464AA241EDD7A1E00751528 /* TPE.jpg in Resources */,
				6464A9FF1EDD7A1E00751528 /* airports.plist in Resources */,
				6464AA111EDD7A1E00751528 /* JFK.jpg in Resources */,
				6464AA121EDD7A1E00751528 /* KHH.jpg in Resources */,
				6464AA101EDD7A1E00751528 /* ICN.jpg in Resources */,
				6464AA161EDD7A1E00751528 /* LHR.jpg in Resources */,
				6464AA021EDD7A1E00751528 /* BKK.jpg in Resources */,
				6464AA041EDD7A1E00751528 /* CDG.jpg in Resources */,
				6464A9CA1EDD765500751528 /* LaunchScreen.storyboard in Resources */,
				6464AA151EDD7A1E00751528 /* LAX.jpg in Resources */,
				6464AA1E1EDD7A1E00751528 /* PVG.jpg in Resources */,
				6464AA0D1EDD7A1E00751528 /* HND.jpg in Resources */,
				6464AA1D1EDD7A1E00751528 /* PEK.jpg in Resources */,
				6464AA251EDD7A1E00751528 /* TSA.jpg in Resources */,
				6464A9C71EDD765500751528 /* Assets.xcassets in Resources */,
				6464AA061EDD7A1E00751528 /* CTS.jpg in Resources */,
				6464AA011EDD7A1E00751528 /* ATL.jpg in Resources */,
				6464AA081EDD7A1E00751528 /* DTW.jpg in Resources */,
				6464AA1B1EDD7A1E00751528 /* OKA.jpg in Resources */,
				6464AA201EDD7A1E00751528 /* SFO.jpg in Resources */,
				6464AA0B1EDD7A1E00751528 /* GMP.jpg in Resources */,
				6464AA141EDD7A1E00751528 /* KUL.jpg in Resources */,
				6464AA191EDD7A1E00751528 /* NGO.jpg in Resources */,
				6464AA0F1EDD7A1E00751528 /* IAH.jpg in Resources */,
				6464AA051EDD7A1E00751528 /* CKG.jpg in Resources */,
				6464A9C51EDD765500751528 /* Main.storyboard in Resources */,
				6464AA131EDD7A1E00751528 /* KIX.jpg in Resources */,
				6464AA0E1EDD7A1E00751528 /* IAD.jpg in Resources */,
				6464AA181EDD7A1E00751528 /* MUC.jpg in Resources */,
				6464AA0A1EDD7A1E00751528 /* FRA.jpg in Resources */,
				6464AA091EDD7A1E00751528 /* EDI.jpg in Resources */,
				6464AA171EDD7A1E00751528 /* MNL.jpg in Resources */,
				6464AA271EDD7A1E00751528 /* YYZ.jpg in Resources */,
				6464AA001EDD7A1E00751528 /* AMS.jpg in Resources */,
				6464AA221EDD7A1E00751528 /* SVO.jpg in Resources */,
				6464AA211EDD7A1E00751528 /* SIN.jpg in Resources */,
				6464AA231EDD7A1E00751528 /* SYD.jpg in Resources */,
				6464AA0C1EDD7A1E00751528 /* HKG.jpg in Resources */,
			);
			runOnlyForDeploymentPostprocessing = 0;
		};
/* End PBXResourcesBuildPhase section */

/* Begin PBXSourcesBuildPhase section */
		6464A9B81EDD765500751528 /* Sources */ = {
			isa = PBXSourcesBuildPhase;
			buildActionMask = 2147483647;
			files = (
				6464AA2F1EDDB8C100751528 /* TableViewCell.swift in Sources */,
				6464A9C01EDD765500751528 /* AppDelegate.swift in Sources */,
				6464AA311EDDB8D900751528 /* ViewController.swift in Sources */,
				6464AA2D1EDDB8B000751528 /* TableViewController.swift in Sources */,
			);
			runOnlyForDeploymentPostprocessing = 0;
		};
/* End PBXSourcesBuildPhase section */

/* Begin PBXVariantGroup section */
		6464A9C31EDD765500751528 /* Main.storyboard */ = {
			isa = PBXVariantGroup;
			children = (
				6464A9C41EDD765500751528 /* Base */,
			);
			name = Main.storyboard;
			sourceTree = "<group>";
		};
		6464A9C81EDD765500751528 /* LaunchScreen.storyboard */ = {
			isa = PBXVariantGroup;
			children = (
				6464A9C91EDD765500751528 /* Base */,
			);
			name = LaunchScreen.storyboard;
			sourceTree = "<group>";
		};
/* End PBXVariantGroup section */

/* Begin XCBuildConfiguration section */
		6464A9CC1EDD765500751528 /* Debug */ = {
			isa = XCBuildConfiguration;
			buildSettings = {
				ALWAYS_SEARCH_USER_PATHS = NO;
				CLANG_ANALYZER_NONNULL = YES;
				CLANG_ANALYZER_NUMBER_OBJECT_CONVERSION = YES_AGGRESSIVE;
				CLANG_CXX_LANGUAGE_STANDARD = "gnu++0x";
				CLANG_CXX_LIBRARY = "libc++";
				CLANG_ENABLE_MODULES = YES;
				CLANG_ENABLE_OBJC_ARC = YES;
				CLANG_WARN_BOOL_CONVERSION = YES;
				CLANG_WARN_CONSTANT_CONVERSION = YES;
				CLANG_WARN_DIRECT_OBJC_ISA_USAGE = YES_ERROR;
				CLANG_WARN_DOCUMENTATION_COMMENTS = YES;
				CLANG_WARN_EMPTY_BODY = YES;
				CLANG_WARN_ENUM_CONVERSION = YES;
				CLANG_WARN_INFINITE_RECURSION = YES;
				CLANG_WARN_INT_CONVERSION = YES;
				CLANG_WARN_OBJC_ROOT_CLASS = YES_ERROR;
				CLANG_WARN_SUSPICIOUS_MOVE = YES;
				CLANG_WARN_UNREACHABLE_CODE = YES;
				CLANG_WARN__DUPLICATE_METHOD_MATCH = YES;
				"CODE_SIGN_IDENTITY[sdk=iphoneos*]" = "iPhone Developer";
				COPY_PHASE_STRIP = NO;
				DEBUG_INFORMATION_FORMAT = dwarf;
				ENABLE_STRICT_OBJC_MSGSEND = YES;
				ENABLE_TESTABILITY = YES;
				GCC_C_LANGUAGE_STANDARD = gnu99;
				GCC_DYNAMIC_NO_PIC = NO;
				GCC_NO_COMMON_BLOCKS = YES;
				GCC_OPTIMIZATION_LEVEL = 0;
				GCC_PREPROCESSOR_DEFINITIONS = (
					"DEBUG=1",
					"$(inherited)",
				);
				GCC_WARN_64_TO_32_BIT_CONVERSION = YES;
				GCC_WARN_ABOUT_RETURN_TYPE = YES_ERROR;
				GCC_WARN_UNDECLARED_SELECTOR = YES;
				GCC_WARN_UNINITIALIZED_AUTOS = YES_AGGRESSIVE;
				GCC_WARN_UNUSED_FUNCTION = YES;
				GCC_WARN_UNUSED_VARIABLE = YES;
				IPHONEOS_DEPLOYMENT_TARGET = 10.3;
				MTL_ENABLE_DEBUG_INFO = YES;
				ONLY_ACTIVE_ARCH = YES;
				SDKROOT = iphoneos;
				SWIFT_ACTIVE_COMPILATION_CONDITIONS = DEBUG;
				SWIFT_OPTIMIZATION_LEVEL = "-Onone";
				TARGETED_DEVICE_FAMILY = "1,2";
			};
			name = Debug;
		};
		6464A9CD1EDD765500751528 /* Release */ = {
			isa = XCBuildConfiguration;
			buildSettings = {
				ALWAYS_SEARCH_USER_PATHS = NO;
				CLANG_ANALYZER_NONNULL = YES;
				CLANG_ANALYZER_NUMBER_OBJECT_CONVERSION = YES_AGGRESSIVE;
				CLANG_CXX_LANGUAGE_STANDARD = "gnu++0x";
				CLANG_CXX_LIBRARY = "libc++";
				CLANG_ENABLE_MODULES = YES;
				CLANG_ENABLE_OBJC_ARC = YES;
				CLANG_WARN_BOOL_CONVERSION = YES;
				CLANG_WARN_CONSTANT_CONVERSION = YES;
				CLANG_WARN_DIRECT_OBJC_ISA_USAGE = YES_ERROR;
				CLANG_WARN_DOCUMENTATION_COMMENTS = YES;
				CLANG_WARN_EMPTY_BODY = YES;
				CLANG_WARN_ENUM_CONVERSION = YES;
				CLANG_WARN_INFINITE_RECURSION = YES;
				CLANG_WARN_INT_CONVERSION = YES;
				CLANG_WARN_OBJC_ROOT_CLASS = YES_ERROR;
				CLANG_WARN_SUSPICIOUS_MOVE = YES;
				CLANG_WARN_UNREACHABLE_CODE = YES;
				CLANG_WARN__DUPLICATE_METHOD_MATCH = YES;
				"CODE_SIGN_IDENTITY[sdk=iphoneos*]" = "iPhone Developer";
				COPY_PHASE_STRIP = NO;
				DEBUG_INFORMATION_FORMAT = "dwarf-with-dsym";
				ENABLE_NS_ASSERTIONS = NO;
				ENABLE_STRICT_OBJC_MSGSEND = YES;
				GCC_C_LANGUAGE_STANDARD = gnu99;
				GCC_NO_COMMON_BLOCKS = YES;
				GCC_WARN_64_TO_32_BIT_CONVERSION = YES;
				GCC_WARN_ABOUT_RETURN_TYPE = YES_ERROR;
				GCC_WARN_UNDECLARED_SELECTOR = YES;
				GCC_WARN_UNINITIALIZED_AUTOS = YES_AGGRESSIVE;
				GCC_WARN_UNUSED_FUNCTION = YES;
				GCC_WARN_UNUSED_VARIABLE = YES;
				IPHONEOS_DEPLOYMENT_TARGET = 10.3;
				MTL_ENABLE_DEBUG_INFO = NO;
				SDKROOT = iphoneos;
				SWIFT_OPTIMIZATION_LEVEL = "-Owholemodule";
				TARGETED_DEVICE_FAMILY = "1,2";
				VALIDATE_PRODUCT = YES;
			};
			name = Release;
		};
		6464A9CF1EDD765500751528 /* Debug */ = {
			isa = XCBuildConfiguration;
			buildSettings = {
				ASSETCATALOG_COMPILER_APPICON_NAME = AppIcon;
				INFOPLIST_FILE = airport/Info.plist;
				LD_RUNPATH_SEARCH_PATHS = "$(inherited) @executable_path/Frameworks";
				PRODUCT_BUNDLE_IDENTIFIER = Ed.airport;
				PRODUCT_NAME = "$(TARGET_NAME)";
				SWIFT_VERSION = 3.0;
			};
			name = Debug;
		};
		6464A9D01EDD765500751528 /* Release */ = {
			isa = XCBuildConfiguration;
			buildSettings = {
				ASSETCATALOG_COMPILER_APPICON_NAME = AppIcon;
				INFOPLIST_FILE = airport/Info.plist;
				LD_RUNPATH_SEARCH_PATHS = "$(inherited) @executable_path/Frameworks";
				PRODUCT_BUNDLE_IDENTIFIER = Ed.airport;
				PRODUCT_NAME = "$(TARGET_NAME)";
				SWIFT_VERSION = 3.0;
			};
			name = Release;
		};
/* End XCBuildConfiguration section */

/* Begin XCConfigurationList section */
		6464A9B71EDD765500751528 /* Build configuration list for PBXProject "airport" */ = {
			isa = XCConfigurationList;
			buildConfigurations = (
				6464A9CC1EDD765500751528 /* Debug */,
				6464A9CD1EDD765500751528 /* Release */,
			);
			defaultConfigurationIsVisible = 0;
			defaultConfigurationName = Release;
		};
		6464A9CE1EDD765500751528 /* Build configuration list for PBXNativeTarget "airport" */ = {
			isa = XCConfigurationList;
			buildConfigurations = (
				6464A9CF1EDD765500751528 /* Debug */,
				6464A9D01EDD765500751528 /* Release */,
			);
			defaultConfigurationIsVisible = 0;
		};
/* End XCConfigurationList section */
	};
	rootObject = 6464A9B41EDD765500751528 /* Project object */;
}
